
Microsoft Visual Studio Solution File, Format Version 12.00
# Visual Studio Version 17
VisualStudioVersion = 17.1.32228.430
MinimumVisualStudioVersion = 10.0.40219.1
Project("{9A19103F-16F7-4668-BE54-9A1E7A4F7556}") = "FirstService", "FirstService\FirstService.csproj", "{7C99F88E-535B-4531-B5E4-157D989736E1}"
EndProject
Project("{9A19103F-16F7-4668-BE54-9A1E7A4F7556}") = "SecondService", "SecondService\SecondService.csproj", "{F4254CA0-0CFA-43B2-BE4D-F13F10101C1A}"
EndProject
Project("{9A19103F-16F7-4668-BE54-9A1E7A4F7556}") = "Gateway", "Gateway\Gateway.csproj", "{CABC2E7C-CBA9-42A6-B0F3-0136BEBB0BFE}"
EndProject
Project("{E53339B2-1760-4266-BCC7-CA923CBCF16C}") = "docker-compose", "docker-compose.dcproj", "{9B73776D-70FC-415A-9BBE-5219C946F00D}"
EndProject
Global
	GlobalSection(SolutionConfigurationPlatforms) = preSolution
		Debug|Any CPU = Debug|Any CPU
		Release|Any CPU = Release|Any CPU
	EndGlobalSection
	GlobalSection(ProjectConfigurationPlatforms) = postSolution
		{7C99F88E-535B-4531-B5E4-157D989736E1}.Debug|Any CPU.ActiveCfg = Debug|Any CPU
		{7C99F88E-535B-4531-B5E4-157D989736E1}.Debug|Any CPU.Build.0 = Debug|Any CPU
		{7C99F88E-535B-4531-B5E4-157D989736E1}.Release|Any CPU.ActiveCfg = Release|Any CPU
		{7C99F88E-535B-4531-B5E4-157D989736E1}.Release|Any CPU.Build.0 = Release|Any CPU
		{F4254CA0-0CFA-43B2-BE4D-F13F10101C1A}.Debug|Any CPU.ActiveCfg = Debug|Any CPU
		{F4254CA0-0CFA-43B2-BE4D-F13F10101C1A}.Debug|Any CPU.Build.0 = Debug|Any CPU
		{F4254CA0-0CFA-43B2-BE4D-F13F10101C1A}.Release|Any CPU.ActiveCfg = Release|Any CPU
		{F4254CA0-0CFA-43B2-BE4D-F13F10101C1A}.Release|Any CPU.Build.0 = Release|Any CPU
		{CABC2E7C-CBA9-42A6-B0F3-0136BEBB0BFE}.Debug|Any CPU.ActiveCfg = Debug|Any CPU
		{CABC2E7C-CBA9-42A6-B0F3-0136BEBB0BFE}.Debug|Any CPU.Build.0 = Debug|Any CPU
		{CABC2E7C-CBA9-42A6-B0F3-0136BEBB0BFE}.Release|Any CPU.ActiveCfg = Release|Any CPU
		{CABC2E7C-CBA9-42A6-B0F3-0136BEBB0BFE}.Release|Any CPU.Build.0 = Release|Any CPU
		{9B73776D-70FC-415A-9BBE-5219C946F00D}.Debug|Any CPU.ActiveCfg = Debug|Any CPU
		{9B73776D-70FC-415A-9BBE-5219C946F00D}.Debug|Any CPU.Build.0 = Debug|Any CPU
		{9B73776D-70FC-415A-9BBE-5219C946F00D}.Release|Any CPU.ActiveCfg = Release|Any CPU
		{9B73776D-70FC-415A-9BBE-5219C946F00D}.Release|Any CPU.Build.0 = Release|Any CPU
	EndGlobalSection
	GlobalSection(SolutionProperties) = preSolution
		HideSolutionNode = FALSE
	EndGlobalSection
	GlobalSection(ExtensibilityGlobals) = postSolution
		SolutionGuid = {A64CAEE0-0A15-4EA4-A0CD-C92FB0E48861}
	EndGlobalSection
EndGlobal
